Microsoft Visual Studio Solution File, Format Version 11.00
# Visual C++ Express 2010
Project("{8BC9CEB8-8B4A-11D0-8D11-00A0C91BC942}") = "ALL_BUILD", "ALL_BUILD.vcxproj", "{25423928-D265-4EA8-805F-1805D747DAF1}"
	ProjectSection(ProjectDependencies) = postProject
		{129E56B3-93DC-4473-AA13-B58B5BB8777B} = {129E56B3-93DC-4473-AA13-B58B5BB8777B}
		{2F67151D-C0DA-44A3-96FA-44EBE3DC4D86} = {2F67151D-C0DA-44A3-96FA-44EBE3DC4D86}
		{7735E96D-AEA2-4F5B-86BB-33D5274950D9} = {7735E96D-AEA2-4F5B-86BB-33D5274950D9}
		{84E1649D-8D72-4E19-9EDE-A560F5E3EA41} = {84E1649D-8D72-4E19-9EDE-A560F5E3EA41}
		{51917743-BC31-4E08-B11A-2D5EC34D2372} = {51917743-BC31-4E08-B11A-2D5EC34D2372}
		{3ABAEE22-FBEE-41A4-AAF3-7DEA326FB5FA} = {3ABAEE22-FBEE-41A4-AAF3-7DEA326FB5FA}
		{EB4BE9E7-A735-4A73-91D4-5A44F5107A47} = {EB4BE9E7-A735-4A73-91D4-5A44F5107A47}
		{AA551AD4-3C65-436F-9943-79858913E80D} = {AA551AD4-3C65-436F-9943-79858913E80D}
		{3D6D9055-B651-4BDF-939D-92DE1CAAA4D3} = {3D6D9055-B651-4BDF-939D-92DE1CAAA4D3}
		{DEAA6690-A8B5-4CE6-9B88-3234193347D9} = {DEAA6690-A8B5-4CE6-9B88-3234193347D9}
		{84BD9781-7A93-488E-B152-3F1C9B58F491} = {84BD9781-7A93-488E-B152-3F1C9B58F491}
		{F4652BD5-5C4C-42BB-9936-48EEA8CF43D1} = {F4652BD5-5C4C-42BB-9936-48EEA8CF43D1}
	EndProjectSection
EndProject
Project("{8BC9CEB8-8B4A-11D0-8D11-00A0C91BC942}") = "ArtLib", "ArtLib\ArtLib.vcxproj", "{129E56B3-93DC-4473-AA13-B58B5BB8777B}"
	ProjectSection(ProjectDependencies) = postProject
		{AA551AD4-3C65-436F-9943-79858913E80D} = {AA551AD4-3C65-436F-9943-79858913E80D}
		{3D6D9055-B651-4BDF-939D-92DE1CAAA4D3} = {3D6D9055-B651-4BDF-939D-92DE1CAAA4D3}
		{F4652BD5-5C4C-42BB-9936-48EEA8CF43D1} = {F4652BD5-5C4C-42BB-9936-48EEA8CF43D1}
	EndProjectSection
EndProject
Project("{8BC9CEB8-8B4A-11D0-8D11-00A0C91BC942}") = "GameAI", "GameAI\GameAI.vcxproj", "{2F67151D-C0DA-44A3-96FA-44EBE3DC4D86}"
	ProjectSection(ProjectDependencies) = postProject
		{129E56B3-93DC-4473-AA13-B58B5BB8777B} = {129E56B3-93DC-4473-AA13-B58B5BB8777B}
		{3ABAEE22-FBEE-41A4-AAF3-7DEA326FB5FA} = {3ABAEE22-FBEE-41A4-AAF3-7DEA326FB5FA}
		{EB4BE9E7-A735-4A73-91D4-5A44F5107A47} = {EB4BE9E7-A735-4A73-91D4-5A44F5107A47}
		{AA551AD4-3C65-436F-9943-79858913E80D} = {AA551AD4-3C65-436F-9943-79858913E80D}
		{3D6D9055-B651-4BDF-939D-92DE1CAAA4D3} = {3D6D9055-B651-4BDF-939D-92DE1CAAA4D3}
	EndProjectSection
EndProject
Project("{8BC9CEB8-8B4A-11D0-8D11-00A0C91BC942}") = "GameLib", "GameLib\GameLib.vcxproj", "{7735E96D-AEA2-4F5B-86BB-33D5274950D9}"
	ProjectSection(ProjectDependencies) = postProject
		{129E56B3-93DC-4473-AA13-B58B5BB8777B} = {129E56B3-93DC-4473-AA13-B58B5BB8777B}
		{2F67151D-C0DA-44A3-96FA-44EBE3DC4D86} = {2F67151D-C0DA-44A3-96FA-44EBE3DC4D86}
		{51917743-BC31-4E08-B11A-2D5EC34D2372} = {51917743-BC31-4E08-B11A-2D5EC34D2372}
		{3ABAEE22-FBEE-41A4-AAF3-7DEA326FB5FA} = {3ABAEE22-FBEE-41A4-AAF3-7DEA326FB5FA}
		{EB4BE9E7-A735-4A73-91D4-5A44F5107A47} = {EB4BE9E7-A735-4A73-91D4-5A44F5107A47}
		{AA551AD4-3C65-436F-9943-79858913E80D} = {AA551AD4-3C65-436F-9943-79858913E80D}
		{3D6D9055-B651-4BDF-939D-92DE1CAAA4D3} = {3D6D9055-B651-4BDF-939D-92DE1CAAA4D3}
	EndProjectSection
EndProject
Project("{8BC9CEB8-8B4A-11D0-8D11-00A0C91BC942}") = "INSTALL", "INSTALL.vcxproj", "{07350A16-6AA7-4987-8E4C-25F8C28441E3}"
	ProjectSection(ProjectDependencies) = postProject
		{25423928-D265-4EA8-805F-1805D747DAF1} = {25423928-D265-4EA8-805F-1805D747DAF1}
	EndProjectSection
EndProject
Project("{8BC9CEB8-8B4A-11D0-8D11-00A0C91BC942}") = "MinimalTdG", "MinimalTdG\MinimalTdG.vcxproj", "{84E1649D-8D72-4E19-9EDE-A560F5E3EA41}"
	ProjectSection(ProjectDependencies) = postProject
		{129E56B3-93DC-4473-AA13-B58B5BB8777B} = {129E56B3-93DC-4473-AA13-B58B5BB8777B}
		{2F67151D-C0DA-44A3-96FA-44EBE3DC4D86} = {2F67151D-C0DA-44A3-96FA-44EBE3DC4D86}
		{7735E96D-AEA2-4F5B-86BB-33D5274950D9} = {7735E96D-AEA2-4F5B-86BB-33D5274950D9}
		{51917743-BC31-4E08-B11A-2D5EC34D2372} = {51917743-BC31-4E08-B11A-2D5EC34D2372}
		{3ABAEE22-FBEE-41A4-AAF3-7DEA326FB5FA} = {3ABAEE22-FBEE-41A4-AAF3-7DEA326FB5FA}
		{EB4BE9E7-A735-4A73-91D4-5A44F5107A47} = {EB4BE9E7-A735-4A73-91D4-5A44F5107A47}
		{AA551AD4-3C65-436F-9943-79858913E80D} = {AA551AD4-3C65-436F-9943-79858913E80D}
		{3D6D9055-B651-4BDF-939D-92DE1CAAA4D3} = {3D6D9055-B651-4BDF-939D-92DE1CAAA4D3}
		{DEAA6690-A8B5-4CE6-9B88-3234193347D9} = {DEAA6690-A8B5-4CE6-9B88-3234193347D9}
		{84BD9781-7A93-488E-B152-3F1C9B58F491} = {84BD9781-7A93-488E-B152-3F1C9B58F491}
	EndProjectSection
EndProject
Project("{8BC9CEB8-8B4A-11D0-8D11-00A0C91BC942}") = "ServerLib", "ServerLib\ServerLib.vcxproj", "{51917743-BC31-4E08-B11A-2D5EC34D2372}"
	ProjectSection(ProjectDependencies) = postProject
		{129E56B3-93DC-4473-AA13-B58B5BB8777B} = {129E56B3-93DC-4473-AA13-B58B5BB8777B}
		{3ABAEE22-FBEE-41A4-AAF3-7DEA326FB5FA} = {3ABAEE22-FBEE-41A4-AAF3-7DEA326FB5FA}
		{EB4BE9E7-A735-4A73-91D4-5A44F5107A47} = {EB4BE9E7-A735-4A73-91D4-5A44F5107A47}
		{AA551AD4-3C65-436F-9943-79858913E80D} = {AA551AD4-3C65-436F-9943-79858913E80D}
		{3D6D9055-B651-4BDF-939D-92DE1CAAA4D3} = {3D6D9055-B651-4BDF-939D-92DE1CAAA4D3}
	EndProjectSection
EndProject
Project("{8BC9CEB8-8B4A-11D0-8D11-00A0C91BC942}") = "TourDeGiroCommon", "TourDeGiroCommon\TourDeGiroCommon.vcxproj", "{3ABAEE22-FBEE-41A4-AAF3-7DEA326FB5FA}"
	ProjectSection(ProjectDependencies) = postProject
		{129E56B3-93DC-4473-AA13-B58B5BB8777B} = {129E56B3-93DC-4473-AA13-B58B5BB8777B}
		{AA551AD4-3C65-436F-9943-79858913E80D} = {AA551AD4-3C65-436F-9943-79858913E80D}
		{3D6D9055-B651-4BDF-939D-92DE1CAAA4D3} = {3D6D9055-B651-4BDF-939D-92DE1CAAA4D3}
	EndProjectSection
EndProject
Project("{8BC9CEB8-8B4A-11D0-8D11-00A0C91BC942}") = "TourDeGiroData", "TourDeGiroData\TourDeGiroData.vcxproj", "{EB4BE9E7-A735-4A73-91D4-5A44F5107A47}"
	ProjectSection(ProjectDependencies) = postProject
		{AA551AD4-3C65-436F-9943-79858913E80D} = {AA551AD4-3C65-436F-9943-79858913E80D}
	EndProjectSection
EndProject
Project("{8BC9CEB8-8B4A-11D0-8D11-00A0C91BC942}") = "ZERO_CHECK", "ZERO_CHECK.vcxproj", "{AA551AD4-3C65-436F-9943-79858913E80D}"
	ProjectSection(ProjectDependencies) = postProject
	EndProjectSection
EndProject
Project("{8BC9CEB8-8B4A-11D0-8D11-00A0C91BC942}") = "libcurl", "libcurl\lib\libcurl.vcxproj", "{3D6D9055-B651-4BDF-939D-92DE1CAAA4D3}"
	ProjectSection(ProjectDependencies) = postProject
		{AA551AD4-3C65-436F-9943-79858913E80D} = {AA551AD4-3C65-436F-9943-79858913E80D}
		{F4652BD5-5C4C-42BB-9936-48EEA8CF43D1} = {F4652BD5-5C4C-42BB-9936-48EEA8CF43D1}
	EndProjectSection
EndProject
Project("{8BC9CEB8-8B4A-11D0-8D11-00A0C91BC942}") = "minixml", "Minixml\minixml.vcxproj", "{DEAA6690-A8B5-4CE6-9B88-3234193347D9}"
	ProjectSection(ProjectDependencies) = postProject
		{AA551AD4-3C65-436F-9943-79858913E80D} = {AA551AD4-3C65-436F-9943-79858913E80D}
		{84BD9781-7A93-488E-B152-3F1C9B58F491} = {84BD9781-7A93-488E-B152-3F1C9B58F491}
	EndProjectSection
EndProject
Project("{8BC9CEB8-8B4A-11D0-8D11-00A0C91BC942}") = "nedmalloc", "nedmalloc\nedmalloc.vcxproj", "{84BD9781-7A93-488E-B152-3F1C9B58F491}"
	ProjectSection(ProjectDependencies) = postProject
		{AA551AD4-3C65-436F-9943-79858913E80D} = {AA551AD4-3C65-436F-9943-79858913E80D}
	EndProjectSection
EndProject
Project("{8BC9CEB8-8B4A-11D0-8D11-00A0C91BC942}") = "zlib1", "zlib-1.2.8\zlib1.vcxproj", "{F4652BD5-5C4C-42BB-9936-48EEA8CF43D1}"
	ProjectSection(ProjectDependencies) = postProject
		{AA551AD4-3C65-436F-9943-79858913E80D} = {AA551AD4-3C65-436F-9943-79858913E80D}
	EndProjectSection
EndProject
Global
	GlobalSection(SolutionConfigurationPlatforms) = preSolution
		Debug|Win32 = Debug|Win32
		Release|Win32 = Release|Win32
	EndGlobalSection
	GlobalSection(ProjectConfigurationPlatforms) = postSolution
		{25423928-D265-4EA8-805F-1805D747DAF1}.Debug|Win32.ActiveCfg = Debug|Win32
		{25423928-D265-4EA8-805F-1805D747DAF1}.Debug|Win32.Build.0 = Debug|Win32
		{25423928-D265-4EA8-805F-1805D747DAF1}.Release|Win32.ActiveCfg = Release|Win32
		{25423928-D265-4EA8-805F-1805D747DAF1}.Release|Win32.Build.0 = Release|Win32
		{129E56B3-93DC-4473-AA13-B58B5BB8777B}.Debug|Win32.ActiveCfg = Debug|Win32
		{129E56B3-93DC-4473-AA13-B58B5BB8777B}.Debug|Win32.Build.0 = Debug|Win32
		{129E56B3-93DC-4473-AA13-B58B5BB8777B}.Release|Win32.ActiveCfg = Release|Win32
		{129E56B3-93DC-4473-AA13-B58B5BB8777B}.Release|Win32.Build.0 = Release|Win32
		{2F67151D-C0DA-44A3-96FA-44EBE3DC4D86}.Debug|Win32.ActiveCfg = Debug|Win32
		{2F67151D-C0DA-44A3-96FA-44EBE3DC4D86}.Debug|Win32.Build.0 = Debug|Win32
		{2F67151D-C0DA-44A3-96FA-44EBE3DC4D86}.Release|Win32.ActiveCfg = Release|Win32
		{2F67151D-C0DA-44A3-96FA-44EBE3DC4D86}.Release|Win32.Build.0 = Release|Win32
		{7735E96D-AEA2-4F5B-86BB-33D5274950D9}.Debug|Win32.ActiveCfg = Debug|Win32
		{7735E96D-AEA2-4F5B-86BB-33D5274950D9}.Debug|Win32.Build.0 = Debug|Win32
		{7735E96D-AEA2-4F5B-86BB-33D5274950D9}.Release|Win32.ActiveCfg = Release|Win32
		{7735E96D-AEA2-4F5B-86BB-33D5274950D9}.Release|Win32.Build.0 = Release|Win32
		{07350A16-6AA7-4987-8E4C-25F8C28441E3}.Debug|Win32.ActiveCfg = Debug|Win32
		{07350A16-6AA7-4987-8E4C-25F8C28441E3}.Release|Win32.ActiveCfg = Release|Win32
		{84E1649D-8D72-4E19-9EDE-A560F5E3EA41}.Debug|Win32.ActiveCfg = Debug|Win32
		{84E1649D-8D72-4E19-9EDE-A560F5E3EA41}.Debug|Win32.Build.0 = Debug|Win32
		{84E1649D-8D72-4E19-9EDE-A560F5E3EA41}.Release|Win32.ActiveCfg = Release|Win32
		{84E1649D-8D72-4E19-9EDE-A560F5E3EA41}.Release|Win32.Build.0 = Release|Win32
		{51917743-BC31-4E08-B11A-2D5EC34D2372}.Debug|Win32.ActiveCfg = Debug|Win32
		{51917743-BC31-4E08-B11A-2D5EC34D2372}.Debug|Win32.Build.0 = Debug|Win32
		{51917743-BC31-4E08-B11A-2D5EC34D2372}.Release|Win32.ActiveCfg = Release|Win32
		{51917743-BC31-4E08-B11A-2D5EC34D2372}.Release|Win32.Build.0 = Release|Win32
		{3ABAEE22-FBEE-41A4-AAF3-7DEA326FB5FA}.Debug|Win32.ActiveCfg = Debug|Win32
		{3ABAEE22-FBEE-41A4-AAF3-7DEA326FB5FA}.Debug|Win32.Build.0 = Debug|Win32
		{3ABAEE22-FBEE-41A4-AAF3-7DEA326FB5FA}.Release|Win32.ActiveCfg = Release|Win32
		{3ABAEE22-FBEE-41A4-AAF3-7DEA326FB5FA}.Release|Win32.Build.0 = Release|Win32
		{EB4BE9E7-A735-4A73-91D4-5A44F5107A47}.Debug|Win32.ActiveCfg = Debug|Win32
		{EB4BE9E7-A735-4A73-91D4-5A44F5107A47}.Debug|Win32.Build.0 = Debug|Win32
		{EB4BE9E7-A735-4A73-91D4-5A44F5107A47}.Release|Win32.ActiveCfg = Release|Win32
		{EB4BE9E7-A735-4A73-91D4-5A44F5107A47}.Release|Win32.Build.0 = Release|Win32
		{AA551AD4-3C65-436F-9943-79858913E80D}.Debug|Win32.ActiveCfg = Debug|Win32
		{AA551AD4-3C65-436F-9943-79858913E80D}.Debug|Win32.Build.0 = Debug|Win32
		{AA551AD4-3C65-436F-9943-79858913E80D}.Release|Win32.ActiveCfg = Release|Win32
		{AA551AD4-3C65-436F-9943-79858913E80D}.Release|Win32.Build.0 = Release|Win32
		{3D6D9055-B651-4BDF-939D-92DE1CAAA4D3}.Debug|Win32.ActiveCfg = Debug|Win32
		{3D6D9055-B651-4BDF-939D-92DE1CAAA4D3}.Debug|Win32.Build.0 = Debug|Win32
		{3D6D9055-B651-4BDF-939D-92DE1CAAA4D3}.Release|Win32.ActiveCfg = Release|Win32
		{3D6D9055-B651-4BDF-939D-92DE1CAAA4D3}.Release|Win32.Build.0 = Release|Win32
		{DEAA6690-A8B5-4CE6-9B88-3234193347D9}.Debug|Win32.ActiveCfg = Debug|Win32
		{DEAA6690-A8B5-4CE6-9B88-3234193347D9}.Debug|Win32.Build.0 = Debug|Win32
		{DEAA6690-A8B5-4CE6-9B88-3234193347D9}.Release|Win32.ActiveCfg = Release|Win32
		{DEAA6690-A8B5-4CE6-9B88-3234193347D9}.Release|Win32.Build.0 = Release|Win32
		{84BD9781-7A93-488E-B152-3F1C9B58F491}.Debug|Win32.ActiveCfg = Debug|Win32
		{84BD9781-7A93-488E-B152-3F1C9B58F491}.Debug|Win32.Build.0 = Debug|Win32
		{84BD9781-7A93-488E-B152-3F1C9B58F491}.Release|Win32.ActiveCfg = Release|Win32
		{84BD9781-7A93-488E-B152-3F1C9B58F491}.Release|Win32.Build.0 = Release|Win32
		{F4652BD5-5C4C-42BB-9936-48EEA8CF43D1}.Debug|Win32.ActiveCfg = Debug|Win32
		{F4652BD5-5C4C-42BB-9936-48EEA8CF43D1}.Debug|Win32.Build.0 = Debug|Win32
		{F4652BD5-5C4C-42BB-9936-48EEA8CF43D1}.Release|Win32.ActiveCfg = Release|Win32
		{F4652BD5-5C4C-42BB-9936-48EEA8CF43D1}.Release|Win32.Build.0 = Release|Win32
	EndGlobalSection
	GlobalSection(ExtensibilityGlobals) = postSolution
	EndGlobalSection
	GlobalSection(ExtensibilityAddIns) = postSolution
	EndGlobalSection
EndGlobal
