<?xml version="1.0" encoding="utf-8"?>
<Project ToolsVersion="4.0" xmlns="http://schemas.microsoft.com/developer/msbuild/2003">
  <ItemGroup>
    <ClCompile Include="ArtNet.cpp">
      <Filter>Source Files</Filter>
    </ClCompile>
    <ClCompile Include="ArtTools.cpp">
      <Filter>Source Files</Filter>
    </ClCompile>
    <ClCompile Include="AutoCS.cpp">
      <Filter>Source Files</Filter>
    </ClCompile>
    <ClCompile Include="BoostNet.cpp">
      <Filter>Source Files</Filter>
    </ClCompile>
    <ClCompile Include="PipeNet.cpp">
      <Filter>Source Files</Filter>
    </ClCompile>
    <ClCompile Include="ArtVector.cpp">
      <Filter>Source Files</Filter>
    </ClCompile>
    <ClCompile Include="md5.cpp">
      <Filter>Source Files</Filter>
    </ClCompile>
    <ClCompile Include="stdafx.cpp">
      <Filter>Source Files</Filter>
    </ClCompile>
  </ItemGroup>
  <ItemGroup>
    <ClInclude Include="ArtNet.h">
      <Filter>Header Files</Filter>
    </ClInclude>
    <ClInclude Include="ArtTools.h">
      <Filter>Header Files</Filter>
    </ClInclude>
    <ClInclude Include="AutoCS.h">
      <Filter>Header Files</Filter>
    </ClInclude>
    <ClInclude Include="ArtVector.h">
      <Filter>Header Files</Filter>
    </ClInclude>
    <ClInclude Include="md5.h">
      <Filter>Header Files</Filter>
    </ClInclude>
    <ClInclude Include="stdafx.h">
      <Filter>Header Files</Filter>
    </ClInclude>
  </ItemGroup>
  <ItemGroup>
    <CustomBuild Include="CMakeLists.txt" />
  </ItemGroup>
  <ItemGroup>
    <Filter Include="Source Files">
      <UniqueIdentifier>{A8EC8BD5-A631-496A-9965-89566590443A}</UniqueIdentifier>
    </Filter>
    <Filter Include="Header Files">
      <UniqueIdentifier>{3C754BBB-CEDD-456D-AE6A-36A266DD1733}</UniqueIdentifier>
    </Filter>
  </ItemGroup>
</Project>
